// !$*UTF8*$!
{
	archiveVersion = 1;
	classes = {
	};
	objectVersion = 48;
	objects = {

/* Begin PBXBuildFile section */
		505D08AD1FCC215F00D6E9FC /* AppDelegate.swift in Sources */ = {isa = PBXBuildFile; fileRef = 505D08AC1FCC215F00D6E9FC /* AppDelegate.swift */; };
		505D08AF1FCC215F00D6E9FC /* ViewController.swift in Sources */ = {isa = PBXBuildFile; fileRef = 505D08AE1FCC215F00D6E9FC /* ViewController.swift */; };
		505D08B21FCC215F00D6E9FC /* Main.storyboard in Resources */ = {isa = PBXBuildFile; fileRef = 505D08B01FCC215F00D6E9FC /* Main.storyboard */; };
		505D08B41FCC215F00D6E9FC /* Assets.xcassets in Resources */ = {isa = PBXBuildFile; fileRef = 505D08B31FCC215F00D6E9FC /* Assets.xcassets */; };
		505D08B71FCC215F00D6E9FC /* LaunchScreen.storyboard in Resources */ = {isa = PBXBuildFile; fileRef = 505D08B51FCC215F00D6E9FC /* LaunchScreen.storyboard */; };
/* End PBXBuildFile section */

/* Begin PBXFileReference section */
		505D08A91FCC215F00D6E9FC /* VisionSample.app */ = {isa = PBXFileReference; explicitFileType = wrapper.application; includeInIndex = 0; path = VisionSample.app; sourceTree = BUILT_PRODUCTS_DIR; };
		505D08AC1FCC215F00D6E9FC /* AppDelegate.swift */ = {isa = PBXFileReference; lastKnownFileType = sourcecode.swift; path = AppDelegate.swift; sourceTree = "<group>"; };
		505D08AE1FCC215F00D6E9FC /* ViewController.swift */ = {isa = PBXFileReference; lastKnownFileType = sourcecode.swift; path = ViewController.swift; sourceTree = "<group>"; };
		505D08B11FCC215F00D6E9FC /* Base */ = {isa = PBXFileReference; lastKnownFileType = file.storyboard; name = Base; path = Base.lproj/Main.storyboard; sourceTree = "<group>"; };
		505D08B31FCC215F00D6E9FC /* Assets.xcassets */ = {isa = PBXFileReference; lastKnownFileType = folder.assetcatalog; path = Assets.xcassets; sourceTree = "<group>"; };
		505D08B61FCC215F00D6E9FC /* Base */ = {isa = PBXFileReference; lastKnownFileType = file.storyboard; name = Base; path = Base.lproj/LaunchScreen.storyboard; sourceTree = "<group>"; };
		505D08B81FCC215F00D6E9FC /* Info.plist */ = {isa = PBXFileReference; lastKnownFileType = text.plist.xml; path = Info.plist; sourceTree = "<group>"; };
/* End PBXFileReference section */

/* Begin PBXFrameworksBuildPhase section */
		505D08A61FCC215F00D6E9FC /* Frameworks */ = {
			isa = PBXFrameworksBuildPhase;
			buildActionMask = 2147483647;
			files = (
			);
			runOnlyForDeploymentPostprocessing = 0;
		};
/* End PBXFrameworksBuildPhase section */

/* Begin PBXGroup section */
		505D08A01FCC215F00D6E9FC = {
			isa = PBXGroup;
			children = (
				505D08AB1FCC215F00D6E9FC /* VisionSample */,
				505D08AA1FCC215F00D6E9FC /* Products */,
			);
			sourceTree = "<group>";
		};
		505D08AA1FCC215F00D6E9FC /* Products */ = {
			isa = PBXGroup;
			children = (
				505D08A91FCC215F00D6E9FC /* VisionSample.app */,
			);
			name = Products;
			sourceTree = "<group>";
		};
		505D08AB1FCC215F00D6E9FC /* VisionSample */ = {
			isa = PBXGroup;
			children = (
				505D08AC1FCC215F00D6E9FC /* AppDelegate.swift */,
				505D08AE1FCC215F00D6E9FC /* ViewController.swift */,
				505D08B01FCC215F00D6E9FC /* Main.storyboard */,
				505D08B31FCC215F00D6E9FC /* Assets.xcassets */,
				505D08B51FCC215F00D6E9FC /* LaunchScreen.storyboard */,
				505D08B81FCC215F00D6E9FC /* Info.plist */,
			);
			path = VisionSample;
			sourceTree = "<group>";
		};
/* End PBXGroup section */

/* Begin PBXNativeTarget section */
		505D08A81FCC215F00D6E9FC /* VisionSample */ = {
			isa = PBXNativeTarget;
			buildConfigurationList = 505D08BB1FCC215F00D6E9FC /* Build configuration list for PBXNativeTarget "VisionSample" */;
			buildPhases = (
				505D08A51FCC215F00D6E9FC /* Sources */,
				505D08A61FCC215F00D6E9FC /* Frameworks */,
				505D08A71FCC215F00D6E9FC /* Resources */,
			);
			buildRules = (
			);
			dependencies = (
			);
			name = VisionSample;
			productName = VisionSample;
			productReference = 505D08A91FCC215F00D6E9FC /* VisionSample.app */;
			productType = "com.apple.product-type.application";
		};
/* End PBXNativeTarget section */

/* Begin PBXProject section */
		505D08A11FCC215F00D6E9FC /* Project object */ = {
			isa = PBXProject;
			attributes = {
				LastSwiftUpdateCheck = 0910;
				LastUpgradeCheck = 0910;
				ORGANIZATIONNAME = yuichi.nakamura;
				TargetAttributes = {
					505D08A81FCC215F00D6E9FC = {
						CreatedOnToolsVersion = 9.1;
						ProvisioningStyle = Automatic;
					};
				};
			};
			buildConfigurationList = 505D08A41FCC215F00D6E9FC /* Build configuration list for PBXProject "VisionSample" */;
			compatibilityVersion = "Xcode 8.0";
			developmentRegion = en;
			hasScannedForEncodings = 0;
			knownRegions = (
				en,
				Base,
			);
			mainGroup = 505D08A01FCC215F00D6E9FC;
			productRefGroup = 505D08AA1FCC215F00D6E9FC /* Products */;
			projectDirPath = "";
			projectRoot = "";
			targets = (
				505D08A81FCC215F00D6E9FC /* VisionSample */,
			);
		};
/* End PBXProject section */

/* Begin PBXResourcesBuildPhase section */
		505D08A71FCC215F00D6E9FC /* Resources */ = {
			isa = PBXResourcesBuildPhase;
			buildActionMask = 2147483647;
			files = (
				505D08B71FCC215F00D6E9FC /* LaunchScreen.storyboard in Resources */,
				505D08B41FCC215F00D6E9FC /* Assets.xcassets in Resources */,
				505D08B21FCC215F00D6E9FC /* Main.storyboard in Resources */,
			);
			runOnlyForDeploymentPostprocessing = 0;
		};
/* End PBXResourcesBuildPhase section */

/* Begin PBXSourcesBuildPhase section */
		505D08A51FCC215F00D6E9FC /* Sources */ = {
			isa = PBXSourcesBuildPhase;
			buildActionMask = 2147483647;
			files = (
				505D08AF1FCC215F00D6E9FC /* ViewController.swift in Sources */,
				505D08AD1FCC215F00D6E9FC /* AppDelegate.swift in Sources */,
			);
			runOnlyForDeploymentPostprocessing = 0;
		};
/* End PBXSourcesBuildPhase section */

/* Begin PBXVariantGroup section */
		505D08B01FCC215F00D6E9FC /* Main.storyboard */ = {
			isa = PBXVariantGroup;
			children = (
				505D08B11FCC215F00D6E9FC /* Base */,
			);
			name = Main.storyboard;
			sourceTree = "<group>";
		};
		505D08B51FCC215F00D6E9FC /* LaunchScreen.storyboard */ = {
			isa = PBXVariantGroup;
			children = (
				505D08B61FCC215F00D6E9FC /* Base */,
			);
			name = LaunchScreen.storyboard;
			sourceTree = "<group>";
		};
/* End PBXVariantGroup section */

/* Begin XCBuildConfiguration section */
		505D08B91FCC215F00D6E9FC /* Debug */ = {
			isa = XCBuildConfiguration;
			buildSettings = {
				ALWAYS_SEARCH_USER_PATHS = NO;
				CLANG_ANALYZER_NONNULL = YES;
				CLANG_ANALYZER_NUMBER_OBJECT_CONVERSION = YES_AGGRESSIVE;
				CLANG_CXX_LANGUAGE_STANDARD = "gnu++14";
				CLANG_CXX_LIBRARY = "libc++";
				CLANG_ENABLE_MODULES = YES;
				CLANG_ENABLE_OBJC_ARC = YES;
				CLANG_WARN_BLOCK_CAPTURE_AUTORELEASING = YES;
				CLANG_WARN_BOOL_CONVERSION = YES;
				CLANG_WARN_COMMA = YES;
				CLANG_WARN_CONSTANT_CONVERSION = YES;
				CLANG_WARN_DIRECT_OBJC_ISA_USAGE = YES_ERROR;
				CLANG_WARN_DOCUMENTATION_COMMENTS = YES;
				CLANG_WARN_EMPTY_BODY = YES;
				CLANG_WARN_ENUM_CONVERSION = YES;
				CLANG_WARN_INFINITE_RECURSION = YES;
				CLANG_WARN_INT_CONVERSION = YES;
				CLANG_WARN_NON_LITERAL_NULL_CONVERSION = YES;
				CLANG_WARN_OBJC_LITERAL_CONVERSION = YES;
				CLANG_WARN_OBJC_ROOT_CLASS = YES_ERROR;
				CLANG_WARN_RANGE_LOOP_ANALYSIS = YES;
				CLANG_WARN_STRICT_PROTOTYPES = YES;
				CLANG_WARN_SUSPICIOUS_MOVE = YES;
				CLANG_WARN_UNGUARDED_AVAILABILITY = YES_AGGRESSIVE;
				CLANG_WARN_UNREACHABLE_CODE = YES;
				CLANG_WARN__DUPLICATE_METHOD_MATCH = YES;
				CODE_SIGN_IDENTITY = "iPhone Developer";
				COPY_PHASE_STRIP = NO;
				DEBUG_INFORMATION_FORMAT = dwarf;
				ENABLE_STRICT_OBJC_MSGSEND = YES;
				ENABLE_TESTABILITY = YES;
				GCC_C_LANGUAGE_STANDARD = gnu11;
				GCC_DYNAMIC_NO_PIC = NO;
				GCC_NO_COMMON_BLOCKS = YES;
				GCC_OPTIMIZATION_LEVEL = 0;
				GCC_PREPROCESSOR_DEFINITIONS = (
					"DEBUG=1",
					"$(inherited)",
				);
				GCC_WARN_64_TO_32_BIT_CONVERSION = YES;
				GCC_WARN_ABOUT_RETURN_TYPE = YES_ERROR;
				GCC_WARN_UNDECLARED_SELECTOR = YES;
				GCC_WARN_UNINITIALIZED_AUTOS = YES_AGGRESSIVE;
				GCC_WARN_UNUSED_FUNCTION = YES;
				GCC_WARN_UNUSED_VARIABLE = YES;
				IPHONEOS_DEPLOYMENT_TARGET = 11.1;
				MTL_ENABLE_DEBUG_INFO = YES;
				ONLY_ACTIVE_ARCH = YES;
				SDKROOT = iphoneos;
				SWIFT_ACTIVE_COMPILATION_CONDITIONS = DEBUG;
				SWIFT_OPTIMIZATION_LEVEL = "-Onone";
			};
			name = Debug;
		};
		505D08BA1FCC215F00D6E9FC /* Release */ = {
			isa = XCBuildConfiguration;
			buildSettings = {
				ALWAYS_SEARCH_USER_PATHS = NO;
				CLANG_ANALYZER_NONNULL = YES;
				CLANG_ANALYZER_NUMBER_OBJECT_CONVERSION = YES_AGGRESSIVE;
				CLANG_CXX_LANGUAGE_STANDARD = "gnu++14";
				CLANG_CXX_LIBRARY = "libc++";
				CLANG_ENABLE_MODULES = YES;
				CLANG_ENABLE_OBJC_ARC = YES;
				CLANG_WARN_BLOCK_CAPTURE_AUTORELEASING = YES;
				CLANG_WARN_BOOL_CONVERSION = YES;
				CLANG_WARN_COMMA = YES;
				CLANG_WARN_CONSTANT_CONVERSION = YES;
				CLANG_WARN_DIRECT_OBJC_ISA_USAGE = YES_ERROR;
				CLANG_WARN_DOCUMENTATION_COMMENTS = YES;
				CLANG_WARN_EMPTY_BODY = YES;
				CLANG_WARN_ENUM_CONVERSION = YES;
				CLANG_WARN_INFINITE_RECURSION = YES;
				CLANG_WARN_INT_CONVERSION = YES;
				CLANG_WARN_NON_LITERAL_NULL_CONVERSION = YES;
				CLANG_WARN_OBJC_LITERAL_CONVERSION = YES;
				CLANG_WARN_OBJC_ROOT_CLASS = YES_ERROR;
				CLANG_WARN_RANGE_LOOP_ANALYSIS = YES;
				CLANG_WARN_STRICT_PROTOTYPES = YES;
				CLANG_WARN_SUSPICIOUS_MOVE = YES;
				CLANG_WARN_UNGUARDED_AVAILABILITY = YES_AGGRESSIVE;
				CLANG_WARN_UNREACHABLE_CODE = YES;
				CLANG_WARN__DUPLICATE_METHOD_MATCH = YES;
				CODE_SIGN_IDENTITY = "iPhone Developer";
				COPY_PHASE_STRIP = NO;
				DEBUG_INFORMATION_FORMAT = "dwarf-with-dsym";
				ENABLE_NS_ASSERTIONS = NO;
				ENABLE_STRICT_OBJC_MSGSEND = YES;
				GCC_C_LANGUAGE_STANDARD = gnu11;
				GCC_NO_COMMON_BLOCKS = YES;
				GCC_WARN_64_TO_32_BIT_CONVERSION = YES;
				GCC_WARN_ABOUT_RETURN_TYPE = YES_ERROR;
				GCC_WARN_UNDECLARED_SELECTOR = YES;
				GCC_WARN_UNINITIALIZED_AUTOS = YES_AGGRESSIVE;
				GCC_WARN_UNUSED_FUNCTION = YES;
				GCC_WARN_UNUSED_VARIABLE = YES;
				IPHONEOS_DEPLOYMENT_TARGET = 11.1;
				MTL_ENABLE_DEBUG_INFO = NO;
				SDKROOT = iphoneos;
				SWIFT_OPTIMIZATION_LEVEL = "-Owholemodule";
				VALIDATE_PRODUCT = YES;
			};
			name = Release;
		};
		505D08BC1FCC215F00D6E9FC /* Debug */ = {
			isa = XCBuildConfiguration;
			buildSettings = {
				ASSETCATALOG_COMPILER_APPICON_NAME = AppIcon;
				CODE_SIGN_STYLE = Automatic;
				INFOPLIST_FILE = VisionSample/Info.plist;
				LD_RUNPATH_SEARCH_PATHS = "$(inherited) @executable_path/Frameworks";
				PRODUCT_BUNDLE_IDENTIFIER = yuichi.nakamura.VisionSample;
				PRODUCT_NAME = "$(TARGET_NAME)";
				SWIFT_VERSION = 4.0;
				TARGETED_DEVICE_FAMILY = "1,2";
			};
			name = Debug;
		};
		505D08BD1FCC215F00D6E9FC /* Release */ = {
			isa = XCBuildConfiguration;
			buildSettings = {
				ASSETCATALOG_COMPILER_APPICON_NAME = AppIcon;
				CODE_SIGN_STYLE = Automatic;
				INFOPLIST_FILE = VisionSample/Info.plist;
				LD_RUNPATH_SEARCH_PATHS = "$(inherited) @executable_path/Frameworks";
				PRODUCT_BUNDLE_IDENTIFIER = yuichi.nakamura.VisionSample;
				PRODUCT_NAME = "$(TARGET_NAME)";
				SWIFT_VERSION = 4.0;
				TARGETED_DEVICE_FAMILY = "1,2";
			};
			name = Release;
		};
/* End XCBuildConfiguration section */

/* Begin XCConfigurationList section */
		505D08A41FCC215F00D6E9FC /* Build configuration list for PBXProject "VisionSample" */ = {
			isa = XCConfigurationList;
			buildConfigurations = (
				505D08B91FCC215F00D6E9FC /* Debug */,
				505D08BA1FCC215F00D6E9FC /* Release */,
			);
			defaultConfigurationIsVisible = 0;
			defaultConfigurationName = Release;
		};
		505D08BB1FCC215F00D6E9FC /* Build configuration list for PBXNativeTarget "VisionSample" */ = {
			isa = XCConfigurationList;
			buildConfigurations = (
				505D08BC1FCC215F00D6E9FC /* Debug */,
				505D08BD1FCC215F00D6E9FC /* Release */,
			);
			defaultConfigurationIsVisible = 0;
			defaultConfigurationName = Release;
		};
/* End XCConfigurationList section */
	};
	rootObject = 505D08A11FCC215F00D6E9FC /* Project object */;
}
